
Microsoft Visual Studio Solution File, Format Version 12.00
# Visual Studio Version 17
VisualStudioVersion = 17.4.32916.344
MinimumVisualStudioVersion = 10.0.40219.1
Project("{FAE04EC0-301F-11D3-BF4B-00C04F79EFBC}") = "JamesBlog.Server", "JamesBlog\Server\JamesBlog.Server.csproj", "{D827AFFC-D42F-4DD4-BBFF-8BFC4079CEB4}"
EndProject
Project("{FAE04EC0-301F-11D3-BF4B-00C04F79EFBC}") = "JamesBlog.Client", "JamesBlog\Client\JamesBlog.Client.csproj", "{9B2EE203-B45F-42A7-A870-7D8B84E136A2}"
EndProject
Project("{FAE04EC0-301F-11D3-BF4B-00C04F79EFBC}") = "JamesBlog.Shared", "JamesBlog\Shared\JamesBlog.Shared.csproj", "{1EEAF15F-90B0-490B-B233-E5414F3B5F31}"
EndProject
Global
	GlobalSection(SolutionConfigurationPlatforms) = preSolution
		Debug|Any CPU = Debug|Any CPU
		Release|Any CPU = Release|Any CPU
	EndGlobalSection
	GlobalSection(ProjectConfigurationPlatforms) = postSolution
		{D827AFFC-D42F-4DD4-BBFF-8BFC4079CEB4}.Debug|Any CPU.ActiveCfg = Debug|Any CPU
		{D827AFFC-D42F-4DD4-BBFF-8BFC4079CEB4}.Debug|Any CPU.Build.0 = Debug|Any CPU
		{D827AFFC-D42F-4DD4-BBFF-8BFC4079CEB4}.Release|Any CPU.ActiveCfg = Release|Any CPU
		{D827AFFC-D42F-4DD4-BBFF-8BFC4079CEB4}.Release|Any CPU.Build.0 = Release|Any CPU
		{9B2EE203-B45F-42A7-A870-7D8B84E136A2}.Debug|Any CPU.ActiveCfg = Debug|Any CPU
		{9B2EE203-B45F-42A7-A870-7D8B84E136A2}.Debug|Any CPU.Build.0 = Debug|Any CPU
		{9B2EE203-B45F-42A7-A870-7D8B84E136A2}.Release|Any CPU.ActiveCfg = Release|Any CPU
		{9B2EE203-B45F-42A7-A870-7D8B84E136A2}.Release|Any CPU.Build.0 = Release|Any CPU
		{1EEAF15F-90B0-490B-B233-E5414F3B5F31}.Debug|Any CPU.ActiveCfg = Debug|Any CPU
		{1EEAF15F-90B0-490B-B233-E5414F3B5F31}.Debug|Any CPU.Build.0 = Debug|Any CPU
		{1EEAF15F-90B0-490B-B233-E5414F3B5F31}.Release|Any CPU.ActiveCfg = Release|Any CPU
		{1EEAF15F-90B0-490B-B233-E5414F3B5F31}.Release|Any CPU.Build.0 = Release|Any CPU
	EndGlobalSection
	GlobalSection(SolutionProperties) = preSolution
		HideSolutionNode = FALSE
	EndGlobalSection
	GlobalSection(ExtensibilityGlobals) = postSolution
		SolutionGuid = {D6F6BFFE-AF64-4F68-BEF9-318B852986E7}
	EndGlobalSection
EndGlobal
